
Microsoft Visual Studio Solution File, Format Version 12.00
# Visual Studio Version 17
VisualStudioVersion = 17.8.34322.80
MinimumVisualStudioVersion = 10.0.40219.1
Project("{FAE04EC0-301F-11D3-BF4B-00C04F79EFBC}") = "Casino", "Casino.csproj", "{D50ED808-50EF-46F8-A3D1-17B6EB12F75D}"
EndProject
Global
	GlobalSection(SolutionConfigurationPlatforms) = preSolution
		Debug|Any CPU = Debug|Any CPU
		Release|Any CPU = Release|Any CPU
	EndGlobalSection
	GlobalSection(ProjectConfigurationPlatforms) = postSolution
		{D50ED808-50EF-46F8-A3D1-17B6EB12F75D}.Debug|Any CPU.ActiveCfg = Debug|Any CPU
		{D50ED808-50EF-46F8-A3D1-17B6EB12F75D}.Debug|Any CPU.Build.0 = Debug|Any CPU
		{D50ED808-50EF-46F8-A3D1-17B6EB12F75D}.Release|Any CPU.ActiveCfg = Release|Any CPU
		{D50ED808-50EF-46F8-A3D1-17B6EB12F75D}.Release|Any CPU.Build.0 = Release|Any CPU
	EndGlobalSection
	GlobalSection(SolutionProperties) = preSolution
		HideSolutionNode = FALSE
	EndGlobalSection
	GlobalSection(ExtensibilityGlobals) = postSolution
		SolutionGuid = {648E7884-1E30-4602-B49C-B50061FE70C7}
	EndGlobalSection
EndGlobal
